
Microsoft Visual Studio Solution File, Format Version 12.00
# Visual Studio Version 16
VisualStudioVersion = 16.0.30804.86
MinimumVisualStudioVersion = 10.0.40219.1
Project("{FAE04EC0-301F-11D3-BF4B-00C04F79EFBC}") = "InnobePDA.Android", "InnobePDA\InnobePDA.Android\InnobePDA.Android.csproj", "{2F77C2CD-24CB-4E29-AED2-B87AFFB20E90}"
EndProject
Project("{FAE04EC0-301F-11D3-BF4B-00C04F79EFBC}") = "InnobePDA.iOS", "InnobePDA\InnobePDA.iOS\InnobePDA.iOS.csproj", "{D3E034CE-63DD-4B82-B10A-8AB7E9170E49}"
EndProject
Project("{FAE04EC0-301F-11D3-BF4B-00C04F79EFBC}") = "InnobePDA", "InnobePDA\InnobePDA\InnobePDA.csproj", "{1A3D0A7D-52DD-4FE0-96F0-D84BA2557C18}"
EndProject
Global
	GlobalSection(SolutionConfigurationPlatforms) = preSolution
		Debug|Any CPU = Debug|Any CPU
		Debug|iPhone = Debug|iPhone
		Debug|iPhoneSimulator = Debug|iPhoneSimulator
		Release|Any CPU = Release|Any CPU
		Release|iPhone = Release|iPhone
		Release|iPhoneSimulator = Release|iPhoneSimulator
	EndGlobalSection
	GlobalSection(ProjectConfigurationPlatforms) = postSolution
		{2F77C2CD-24CB-4E29-AED2-B87AFFB20E90}.Debug|Any CPU.ActiveCfg = Debug|Any CPU
		{2F77C2CD-24CB-4E29-AED2-B87AFFB20E90}.Debug|Any CPU.Build.0 = Debug|Any CPU
		{2F77C2CD-24CB-4E29-AED2-B87AFFB20E90}.Debug|Any CPU.Deploy.0 = Debug|Any CPU
		{2F77C2CD-24CB-4E29-AED2-B87AFFB20E90}.Debug|iPhone.ActiveCfg = Debug|Any CPU
		{2F77C2CD-24CB-4E29-AED2-B87AFFB20E90}.Debug|iPhone.Build.0 = Debug|Any CPU
		{2F77C2CD-24CB-4E29-AED2-B87AFFB20E90}.Debug|iPhone.Deploy.0 = Debug|Any CPU
		{2F77C2CD-24CB-4E29-AED2-B87AFFB20E90}.Debug|iPhoneSimulator.ActiveCfg = Debug|Any CPU
		{2F77C2CD-24CB-4E29-AED2-B87AFFB20E90}.Debug|iPhoneSimulator.Build.0 = Debug|Any CPU
		{2F77C2CD-24CB-4E29-AED2-B87AFFB20E90}.Debug|iPhoneSimulator.Deploy.0 = Debug|Any CPU
		{2F77C2CD-24CB-4E29-AED2-B87AFFB20E90}.Release|Any CPU.ActiveCfg = Release|Any CPU
		{2F77C2CD-24CB-4E29-AED2-B87AFFB20E90}.Release|Any CPU.Build.0 = Release|Any CPU
		{2F77C2CD-24CB-4E29-AED2-B87AFFB20E90}.Release|Any CPU.Deploy.0 = Release|Any CPU
		{2F77C2CD-24CB-4E29-AED2-B87AFFB20E90}.Release|iPhone.ActiveCfg = Release|Any CPU
		{2F77C2CD-24CB-4E29-AED2-B87AFFB20E90}.Release|iPhone.Build.0 = Release|Any CPU
		{2F77C2CD-24CB-4E29-AED2-B87AFFB20E90}.Release|iPhone.Deploy.0 = Release|Any CPU
		{2F77C2CD-24CB-4E29-AED2-B87AFFB20E90}.Release|iPhoneSimulator.ActiveCfg = Release|Any CPU
		{2F77C2CD-24CB-4E29-AED2-B87AFFB20E90}.Release|iPhoneSimulator.Build.0 = Release|Any CPU
		{2F77C2CD-24CB-4E29-AED2-B87AFFB20E90}.Release|iPhoneSimulator.Deploy.0 = Release|Any CPU
		{D3E034CE-63DD-4B82-B10A-8AB7E9170E49}.Debug|Any CPU.ActiveCfg = Debug|iPhone
		{D3E034CE-63DD-4B82-B10A-8AB7E9170E49}.Debug|Any CPU.Build.0 = Debug|iPhone
		{D3E034CE-63DD-4B82-B10A-8AB7E9170E49}.Debug|Any CPU.Deploy.0 = Debug|iPhone
		{D3E034CE-63DD-4B82-B10A-8AB7E9170E49}.Debug|iPhone.ActiveCfg = Debug|iPhone
		{D3E034CE-63DD-4B82-B10A-8AB7E9170E49}.Debug|iPhone.Build.0 = Debug|iPhone
		{D3E034CE-63DD-4B82-B10A-8AB7E9170E49}.Debug|iPhone.Deploy.0 = Debug|iPhone
		{D3E034CE-63DD-4B82-B10A-8AB7E9170E49}.Debug|iPhoneSimulator.ActiveCfg = Debug|iPhoneSimulator
		{D3E034CE-63DD-4B82-B10A-8AB7E9170E49}.Debug|iPhoneSimulator.Build.0 = Debug|iPhoneSimulator
		{D3E034CE-63DD-4B82-B10A-8AB7E9170E49}.Debug|iPhoneSimulator.Deploy.0 = Debug|iPhoneSimulator
		{D3E034CE-63DD-4B82-B10A-8AB7E9170E49}.Release|Any CPU.ActiveCfg = Release|iPhoneSimulator
		{D3E034CE-63DD-4B82-B10A-8AB7E9170E49}.Release|Any CPU.Build.0 = Release|iPhoneSimulator
		{D3E034CE-63DD-4B82-B10A-8AB7E9170E49}.Release|Any CPU.Deploy.0 = Release|iPhoneSimulator
		{D3E034CE-63DD-4B82-B10A-8AB7E9170E49}.Release|iPhone.ActiveCfg = Release|iPhone
		{D3E034CE-63DD-4B82-B10A-8AB7E9170E49}.Release|iPhone.Build.0 = Release|iPhone
		{D3E034CE-63DD-4B82-B10A-8AB7E9170E49}.Release|iPhone.Deploy.0 = Release|iPhone
		{D3E034CE-63DD-4B82-B10A-8AB7E9170E49}.Release|iPhoneSimulator.ActiveCfg = Release|iPhoneSimulator
		{D3E034CE-63DD-4B82-B10A-8AB7E9170E49}.Release|iPhoneSimulator.Build.0 = Release|iPhoneSimulator
		{D3E034CE-63DD-4B82-B10A-8AB7E9170E49}.Release|iPhoneSimulator.Deploy.0 = Release|iPhoneSimulator
		{1A3D0A7D-52DD-4FE0-96F0-D84BA2557C18}.Debug|Any CPU.ActiveCfg = Debug|Any CPU
		{1A3D0A7D-52DD-4FE0-96F0-D84BA2557C18}.Debug|Any CPU.Build.0 = Debug|Any CPU
		{1A3D0A7D-52DD-4FE0-96F0-D84BA2557C18}.Debug|Any CPU.Deploy.0 = Debug|Any CPU
		{1A3D0A7D-52DD-4FE0-96F0-D84BA2557C18}.Debug|iPhone.ActiveCfg = Debug|Any CPU
		{1A3D0A7D-52DD-4FE0-96F0-D84BA2557C18}.Debug|iPhone.Build.0 = Debug|Any CPU
		{1A3D0A7D-52DD-4FE0-96F0-D84BA2557C18}.Debug|iPhone.Deploy.0 = Debug|Any CPU
		{1A3D0A7D-52DD-4FE0-96F0-D84BA2557C18}.Debug|iPhoneSimulator.ActiveCfg = Debug|Any CPU
		{1A3D0A7D-52DD-4FE0-96F0-D84BA2557C18}.Debug|iPhoneSimulator.Build.0 = Debug|Any CPU
		{1A3D0A7D-52DD-4FE0-96F0-D84BA2557C18}.Debug|iPhoneSimulator.Deploy.0 = Debug|Any CPU
		{1A3D0A7D-52DD-4FE0-96F0-D84BA2557C18}.Release|Any CPU.ActiveCfg = Release|Any CPU
		{1A3D0A7D-52DD-4FE0-96F0-D84BA2557C18}.Release|Any CPU.Build.0 = Release|Any CPU
		{1A3D0A7D-52DD-4FE0-96F0-D84BA2557C18}.Release|Any CPU.Deploy.0 = Release|Any CPU
		{1A3D0A7D-52DD-4FE0-96F0-D84BA2557C18}.Release|iPhone.ActiveCfg = Release|Any CPU
		{1A3D0A7D-52DD-4FE0-96F0-D84BA2557C18}.Release|iPhone.Build.0 = Release|Any CPU
		{1A3D0A7D-52DD-4FE0-96F0-D84BA2557C18}.Release|iPhone.Deploy.0 = Release|Any CPU
		{1A3D0A7D-52DD-4FE0-96F0-D84BA2557C18}.Release|iPhoneSimulator.ActiveCfg = Release|Any CPU
		{1A3D0A7D-52DD-4FE0-96F0-D84BA2557C18}.Release|iPhoneSimulator.Build.0 = Release|Any CPU
		{1A3D0A7D-52DD-4FE0-96F0-D84BA2557C18}.Release|iPhoneSimulator.Deploy.0 = Release|Any CPU
	EndGlobalSection
	GlobalSection(SolutionProperties) = preSolution
		HideSolutionNode = FALSE
	EndGlobalSection
	GlobalSection(ExtensibilityGlobals) = postSolution
		SolutionGuid = {F3610BC2-150B-46A4-A031-872D5530EFD2}
	EndGlobalSection
EndGlobal
